// !$*UTF8*$!
{
	archiveVersion = 1;
	classes = {
	};
	objectVersion = 46;
	objects = {

/* Begin PBXBuildFile section */
		AE9D3C211EBF107E00A3FC1D /* fat_access.c in Sources */ = {isa = PBXBuildFile; fileRef = AE9D3C0B1EBF107E00A3FC1D /* fat_access.c */; };
		AE9D3C221EBF107E00A3FC1D /* fat_cache.c in Sources */ = {isa = PBXBuildFile; fileRef = AE9D3C0D1EBF107E00A3FC1D /* fat_cache.c */; };
		AE9D3C231EBF107E00A3FC1D /* fat_custom.c in Sources */ = {isa = PBXBuildFile; fileRef = AE9D3C0F1EBF107E00A3FC1D /* fat_custom.c */; };
		AE9D3C241EBF107E00A3FC1D /* fat_filelib.c in Sources */ = {isa = PBXBuildFile; fileRef = AE9D3C121EBF107E00A3FC1D /* fat_filelib.c */; };
		AE9D3C251EBF107E00A3FC1D /* fat_format.c in Sources */ = {isa = PBXBuildFile; fileRef = AE9D3C141EBF107E00A3FC1D /* fat_format.c */; };
		AE9D3C261EBF107E00A3FC1D /* fat_misc.c in Sources */ = {isa = PBXBuildFile; fileRef = AE9D3C171EBF107E00A3FC1D /* fat_misc.c */; };
		AE9D3C271EBF107E00A3FC1D /* fat_string.c in Sources */ = {isa = PBXBuildFile; fileRef = AE9D3C1A1EBF107E00A3FC1D /* fat_string.c */; };
		AE9D3C281EBF107E00A3FC1D /* fat_table.c in Sources */ = {isa = PBXBuildFile; fileRef = AE9D3C1C1EBF107E00A3FC1D /* fat_table.c */; };
		AE9D3C291EBF107E00A3FC1D /* fat_write.c in Sources */ = {isa = PBXBuildFile; fileRef = AE9D3C1F1EBF107E00A3FC1D /* fat_write.c */; };
		AE9D3C2B1EBF108600A3FC1D /* main.c in Sources */ = {isa = PBXBuildFile; fileRef = AE9D3C2A1EBF108600A3FC1D /* main.c */; };
		AE9D3C2D1EBF109100A3FC1D /* Makefile in Sources */ = {isa = PBXBuildFile; fileRef = AE9D3C2C1EBF109100A3FC1D /* Makefile */; };
/* End PBXBuildFile section */

/* Begin PBXCopyFilesBuildPhase section */
		AE9430D11E52A171003AFB75 /* CopyFiles */ = {
			isa = PBXCopyFilesBuildPhase;
			buildActionMask = 2147483647;
			dstPath = /usr/share/man/man1/;
			dstSubfolderSpec = 0;
			files = (
			);
			runOnlyForDeploymentPostprocessing = 1;
		};
/* End PBXCopyFilesBuildPhase section */

/* Begin PBXFileReference section */
		AE9430D31E52A171003AFB75 /* MYFAT */ = {isa = PBXFileReference; explicitFileType = "compiled.mach-o.executable"; includeInIndex = 0; path = MYFAT; sourceTree = BUILT_PRODUCTS_DIR; };
		AE9D3C0B1EBF107E00A3FC1D /* fat_access.c */ = {isa = PBXFileReference; fileEncoding = 4; lastKnownFileType = sourcecode.c.c; path = fat_access.c; sourceTree = "<group>"; };
		AE9D3C0C1EBF107E00A3FC1D /* fat_access.h */ = {isa = PBXFileReference; fileEncoding = 4; lastKnownFileType = sourcecode.c.h; path = fat_access.h; sourceTree = "<group>"; };
		AE9D3C0D1EBF107E00A3FC1D /* fat_cache.c */ = {isa = PBXFileReference; fileEncoding = 4; lastKnownFileType = sourcecode.c.c; path = fat_cache.c; sourceTree = "<group>"; };
		AE9D3C0E1EBF107E00A3FC1D /* fat_cache.h */ = {isa = PBXFileReference; fileEncoding = 4; lastKnownFileType = sourcecode.c.h; path = fat_cache.h; sourceTree = "<group>"; };
		AE9D3C0F1EBF107E00A3FC1D /* fat_custom.c */ = {isa = PBXFileReference; fileEncoding = 4; lastKnownFileType = sourcecode.c.c; path = fat_custom.c; sourceTree = "<group>"; };
		AE9D3C101EBF107E00A3FC1D /* fat_custom.h */ = {isa = PBXFileReference; fileEncoding = 4; lastKnownFileType = sourcecode.c.h; path = fat_custom.h; sourceTree = "<group>"; };
		AE9D3C111EBF107E00A3FC1D /* fat_defs.h */ = {isa = PBXFileReference; fileEncoding = 4; lastKnownFileType = sourcecode.c.h; path = fat_defs.h; sourceTree = "<group>"; };
		AE9D3C121EBF107E00A3FC1D /* fat_filelib.c */ = {isa = PBXFileReference; fileEncoding = 4; lastKnownFileType = sourcecode.c.c; path = fat_filelib.c; sourceTree = "<group>"; };
		AE9D3C131EBF107E00A3FC1D /* fat_filelib.h */ = {isa = PBXFileReference; fileEncoding = 4; lastKnownFileType = sourcecode.c.h; path = fat_filelib.h; sourceTree = "<group>"; };
		AE9D3C141EBF107E00A3FC1D /* fat_format.c */ = {isa = PBXFileReference; fileEncoding = 4; lastKnownFileType = sourcecode.c.c; path = fat_format.c; sourceTree = "<group>"; };
		AE9D3C151EBF107E00A3FC1D /* fat_format.h */ = {isa = PBXFileReference; fileEncoding = 4; lastKnownFileType = sourcecode.c.h; path = fat_format.h; sourceTree = "<group>"; };
		AE9D3C161EBF107E00A3FC1D /* fat_list.h */ = {isa = PBXFileReference; fileEncoding = 4; lastKnownFileType = sourcecode.c.h; path = fat_list.h; sourceTree = "<group>"; };
		AE9D3C171EBF107E00A3FC1D /* fat_misc.c */ = {isa = PBXFileReference; fileEncoding = 4; lastKnownFileType = sourcecode.c.c; path = fat_misc.c; sourceTree = "<group>"; };
		AE9D3C181EBF107E00A3FC1D /* fat_misc.h */ = {isa = PBXFileReference; fileEncoding = 4; lastKnownFileType = sourcecode.c.h; path = fat_misc.h; sourceTree = "<group>"; };
		AE9D3C191EBF107E00A3FC1D /* fat_opts.h */ = {isa = PBXFileReference; fileEncoding = 4; lastKnownFileType = sourcecode.c.h; path = fat_opts.h; sourceTree = "<group>"; };
		AE9D3C1A1EBF107E00A3FC1D /* fat_string.c */ = {isa = PBXFileReference; fileEncoding = 4; lastKnownFileType = sourcecode.c.c; path = fat_string.c; sourceTree = "<group>"; };
		AE9D3C1B1EBF107E00A3FC1D /* fat_string.h */ = {isa = PBXFileReference; fileEncoding = 4; lastKnownFileType = sourcecode.c.h; path = fat_string.h; sourceTree = "<group>"; };
		AE9D3C1C1EBF107E00A3FC1D /* fat_table.c */ = {isa = PBXFileReference; fileEncoding = 4; lastKnownFileType = sourcecode.c.c; path = fat_table.c; sourceTree = "<group>"; };
		AE9D3C1D1EBF107E00A3FC1D /* fat_table.h */ = {isa = PBXFileReference; fileEncoding = 4; lastKnownFileType = sourcecode.c.h; path = fat_table.h; sourceTree = "<group>"; };
		AE9D3C1E1EBF107E00A3FC1D /* fat_types.h */ = {isa = PBXFileReference; fileEncoding = 4; lastKnownFileType = sourcecode.c.h; path = fat_types.h; sourceTree = "<group>"; };
		AE9D3C1F1EBF107E00A3FC1D /* fat_write.c */ = {isa = PBXFileReference; fileEncoding = 4; lastKnownFileType = sourcecode.c.c; path = fat_write.c; sourceTree = "<group>"; };
		AE9D3C201EBF107E00A3FC1D /* fat_write.h */ = {isa = PBXFileReference; fileEncoding = 4; lastKnownFileType = sourcecode.c.h; path = fat_write.h; sourceTree = "<group>"; };
		AE9D3C2A1EBF108600A3FC1D /* main.c */ = {isa = PBXFileReference; fileEncoding = 4; lastKnownFileType = sourcecode.c.c; path = main.c; sourceTree = "<group>"; };
		AE9D3C2C1EBF109100A3FC1D /* Makefile */ = {isa = PBXFileReference; fileEncoding = 4; lastKnownFileType = sourcecode.make; path = Makefile; sourceTree = "<group>"; };
/* End PBXFileReference section */

/* Begin PBXFrameworksBuildPhase section */
		AE9430D01E52A171003AFB75 /* Frameworks */ = {
			isa = PBXFrameworksBuildPhase;
			buildActionMask = 2147483647;
			files = (
			);
			runOnlyForDeploymentPostprocessing = 0;
		};
/* End PBXFrameworksBuildPhase section */

/* Begin PBXGroup section */
		AE9430CA1E52A171003AFB75 = {
			isa = PBXGroup;
			children = (
				AE9430D51E52A171003AFB75 /* MYFAT */,
				AE9430D41E52A171003AFB75 /* Products */,
			);
			sourceTree = "<group>";
		};
		AE9430D41E52A171003AFB75 /* Products */ = {
			isa = PBXGroup;
			children = (
				AE9430D31E52A171003AFB75 /* MYFAT */,
			);
			name = Products;
			sourceTree = "<group>";
		};
		AE9430D51E52A171003AFB75 /* MYFAT */ = {
			isa = PBXGroup;
			children = (
				AE9D3C2A1EBF108600A3FC1D /* main.c */,
				AE9D3C0B1EBF107E00A3FC1D /* fat_access.c */,
				AE9D3C0C1EBF107E00A3FC1D /* fat_access.h */,
				AE9D3C0D1EBF107E00A3FC1D /* fat_cache.c */,
				AE9D3C0E1EBF107E00A3FC1D /* fat_cache.h */,
				AE9D3C0F1EBF107E00A3FC1D /* fat_custom.c */,
				AE9D3C101EBF107E00A3FC1D /* fat_custom.h */,
				AE9D3C111EBF107E00A3FC1D /* fat_defs.h */,
				AE9D3C121EBF107E00A3FC1D /* fat_filelib.c */,
				AE9D3C131EBF107E00A3FC1D /* fat_filelib.h */,
				AE9D3C141EBF107E00A3FC1D /* fat_format.c */,
				AE9D3C151EBF107E00A3FC1D /* fat_format.h */,
				AE9D3C161EBF107E00A3FC1D /* fat_list.h */,
				AE9D3C171EBF107E00A3FC1D /* fat_misc.c */,
				AE9D3C181EBF107E00A3FC1D /* fat_misc.h */,
				AE9D3C191EBF107E00A3FC1D /* fat_opts.h */,
				AE9D3C1A1EBF107E00A3FC1D /* fat_string.c */,
				AE9D3C1B1EBF107E00A3FC1D /* fat_string.h */,
				AE9D3C1C1EBF107E00A3FC1D /* fat_table.c */,
				AE9D3C1D1EBF107E00A3FC1D /* fat_table.h */,
				AE9D3C1E1EBF107E00A3FC1D /* fat_types.h */,
				AE9D3C1F1EBF107E00A3FC1D /* fat_write.c */,
				AE9D3C201EBF107E00A3FC1D /* fat_write.h */,
				AE9D3C2C1EBF109100A3FC1D /* Makefile */,
			);
			path = MYFAT;
			sourceTree = "<group>";
		};
/* End PBXGroup section */

/* Begin PBXNativeTarget section */
		AE9430D21E52A171003AFB75 /* MYFAT */ = {
			isa = PBXNativeTarget;
			buildConfigurationList = AE9430DA1E52A171003AFB75 /* Build configuration list for PBXNativeTarget "MYFAT" */;
			buildPhases = (
				AE9430CF1E52A171003AFB75 /* Sources */,
				AE9430D01E52A171003AFB75 /* Frameworks */,
				AE9430D11E52A171003AFB75 /* CopyFiles */,
			);
			buildRules = (
			);
			dependencies = (
			);
			name = MYFAT;
			productName = MYFAT;
			productReference = AE9430D31E52A171003AFB75 /* MYFAT */;
			productType = "com.apple.product-type.tool";
		};
/* End PBXNativeTarget section */

/* Begin PBXProject section */
		AE9430CB1E52A171003AFB75 /* Project object */ = {
			isa = PBXProject;
			attributes = {
				LastUpgradeCheck = 0820;
				ORGANIZATIONNAME = Hanul;
				TargetAttributes = {
					AE9430D21E52A171003AFB75 = {
						CreatedOnToolsVersion = 8.2.1;
						ProvisioningStyle = Automatic;
					};
				};
			};
			buildConfigurationList = AE9430CE1E52A171003AFB75 /* Build configuration list for PBXProject "MYFAT" */;
			compatibilityVersion = "Xcode 3.2";
			developmentRegion = English;
			hasScannedForEncodings = 0;
			knownRegions = (
				en,
			);
			mainGroup = AE9430CA1E52A171003AFB75;
			productRefGroup = AE9430D41E52A171003AFB75 /* Products */;
			projectDirPath = "";
			projectRoot = "";
			targets = (
				AE9430D21E52A171003AFB75 /* MYFAT */,
			);
		};
/* End PBXProject section */

/* Begin PBXSourcesBuildPhase section */
		AE9430CF1E52A171003AFB75 /* Sources */ = {
			isa = PBXSourcesBuildPhase;
			buildActionMask = 2147483647;
			files = (
				AE9D3C2B1EBF108600A3FC1D /* main.c in Sources */,
				AE9D3C231EBF107E00A3FC1D /* fat_custom.c in Sources */,
				AE9D3C221EBF107E00A3FC1D /* fat_cache.c in Sources */,
				AE9D3C2D1EBF109100A3FC1D /* Makefile in Sources */,
				AE9D3C211EBF107E00A3FC1D /* fat_access.c in Sources */,
				AE9D3C291EBF107E00A3FC1D /* fat_write.c in Sources */,
				AE9D3C241EBF107E00A3FC1D /* fat_filelib.c in Sources */,
				AE9D3C271EBF107E00A3FC1D /* fat_string.c in Sources */,
				AE9D3C251EBF107E00A3FC1D /* fat_format.c in Sources */,
				AE9D3C281EBF107E00A3FC1D /* fat_table.c in Sources */,
				AE9D3C261EBF107E00A3FC1D /* fat_misc.c in Sources */,
			);
			runOnlyForDeploymentPostprocessing = 0;
		};
/* End PBXSourcesBuildPhase section */

/* Begin XCBuildConfiguration section */
		AE9430D81E52A171003AFB75 /* Debug */ = {
			isa = XCBuildConfiguration;
			buildSettings = {
				ALWAYS_SEARCH_USER_PATHS = NO;
				CLANG_ANALYZER_NONNULL = YES;
				CLANG_CXX_LANGUAGE_STANDARD = "gnu++0x";
				CLANG_CXX_LIBRARY = "libc++";
				CLANG_ENABLE_MODULES = YES;
				CLANG_ENABLE_OBJC_ARC = YES;
				CLANG_WARN_BOOL_CONVERSION = YES;
				CLANG_WARN_CONSTANT_CONVERSION = YES;
				CLANG_WARN_DIRECT_OBJC_ISA_USAGE = YES_ERROR;
				CLANG_WARN_DOCUMENTATION_COMMENTS = YES;
				CLANG_WARN_EMPTY_BODY = YES;
				CLANG_WARN_ENUM_CONVERSION = YES;
				CLANG_WARN_INFINITE_RECURSION = YES;
				CLANG_WARN_INT_CONVERSION = YES;
				CLANG_WARN_OBJC_ROOT_CLASS = YES_ERROR;
				CLANG_WARN_SUSPICIOUS_MOVE = YES;
				CLANG_WARN_UNREACHABLE_CODE = YES;
				CLANG_WARN__DUPLICATE_METHOD_MATCH = YES;
				CODE_SIGN_IDENTITY = "-";
				COPY_PHASE_STRIP = NO;
				DEBUG_INFORMATION_FORMAT = dwarf;
				ENABLE_STRICT_OBJC_MSGSEND = YES;
				ENABLE_TESTABILITY = YES;
				GCC_C_LANGUAGE_STANDARD = gnu99;
				GCC_DYNAMIC_NO_PIC = NO;
				GCC_NO_COMMON_BLOCKS = YES;
				GCC_OPTIMIZATION_LEVEL = 0;
				GCC_PREPROCESSOR_DEFINITIONS = (
					"DEBUG=1",
					"$(inherited)",
				);
				GCC_WARN_64_TO_32_BIT_CONVERSION = YES;
				GCC_WARN_ABOUT_RETURN_TYPE = YES_ERROR;
				GCC_WARN_UNDECLARED_SELECTOR = YES;
				GCC_WARN_UNINITIALIZED_AUTOS = YES_AGGRESSIVE;
				GCC_WARN_UNUSED_FUNCTION = YES;
				GCC_WARN_UNUSED_VARIABLE = YES;
				MACOSX_DEPLOYMENT_TARGET = 10.12;
				MTL_ENABLE_DEBUG_INFO = YES;
				ONLY_ACTIVE_ARCH = YES;
				SDKROOT = macosx;
			};
			name = Debug;
		};
		AE9430D91E52A171003AFB75 /* Release */ = {
			isa = XCBuildConfiguration;
			buildSettings = {
				ALWAYS_SEARCH_USER_PATHS = NO;
				CLANG_ANALYZER_NONNULL = YES;
				CLANG_CXX_LANGUAGE_STANDARD = "gnu++0x";
				CLANG_CXX_LIBRARY = "libc++";
				CLANG_ENABLE_MODULES = YES;
				CLANG_ENABLE_OBJC_ARC = YES;
				CLANG_WARN_BOOL_CONVERSION = YES;
				CLANG_WARN_CONSTANT_CONVERSION = YES;
				CLANG_WARN_DIRECT_OBJC_ISA_USAGE = YES_ERROR;
				CLANG_WARN_DOCUMENTATION_COMMENTS = YES;
				CLANG_WARN_EMPTY_BODY = YES;
				CLANG_WARN_ENUM_CONVERSION = YES;
				CLANG_WARN_INFINITE_RECURSION = YES;
				CLANG_WARN_INT_CONVERSION = YES;
				CLANG_WARN_OBJC_ROOT_CLASS = YES_ERROR;
				CLANG_WARN_SUSPICIOUS_MOVE = YES;
				CLANG_WARN_UNREACHABLE_CODE = YES;
				CLANG_WARN__DUPLICATE_METHOD_MATCH = YES;
				CODE_SIGN_IDENTITY = "-";
				COPY_PHASE_STRIP = NO;
				DEBUG_INFORMATION_FORMAT = "dwarf-with-dsym";
				ENABLE_NS_ASSERTIONS = NO;
				ENABLE_STRICT_OBJC_MSGSEND = YES;
				GCC_C_LANGUAGE_STANDARD = gnu99;
				GCC_NO_COMMON_BLOCKS = YES;
				GCC_WARN_64_TO_32_BIT_CONVERSION = YES;
				GCC_WARN_ABOUT_RETURN_TYPE = YES_ERROR;
				GCC_WARN_UNDECLARED_SELECTOR = YES;
				GCC_WARN_UNINITIALIZED_AUTOS = YES_AGGRESSIVE;
				GCC_WARN_UNUSED_FUNCTION = YES;
				GCC_WARN_UNUSED_VARIABLE = YES;
				MACOSX_DEPLOYMENT_TARGET = 10.12;
				MTL_ENABLE_DEBUG_INFO = NO;
				SDKROOT = macosx;
			};
			name = Release;
		};
		AE9430DB1E52A171003AFB75 /* Debug */ = {
			isa = XCBuildConfiguration;
			buildSettings = {
				PRODUCT_NAME = "$(TARGET_NAME)";
			};
			name = Debug;
		};
		AE9430DC1E52A171003AFB75 /* Release */ = {
			isa = XCBuildConfiguration;
			buildSettings = {
				PRODUCT_NAME = "$(TARGET_NAME)";
			};
			name = Release;
		};
/* End XCBuildConfiguration section */

/* Begin XCConfigurationList section */
		AE9430CE1E52A171003AFB75 /* Build configuration list for PBXProject "MYFAT" */ = {
			isa = XCConfigurationList;
			buildConfigurations = (
				AE9430D81E52A171003AFB75 /* Debug */,
				AE9430D91E52A171003AFB75 /* Release */,
			);
			defaultConfigurationIsVisible = 0;
			defaultConfigurationName = Release;
		};
		AE9430DA1E52A171003AFB75 /* Build configuration list for PBXNativeTarget "MYFAT" */ = {
			isa = XCConfigurationList;
			buildConfigurations = (
				AE9430DB1E52A171003AFB75 /* Debug */,
				AE9430DC1E52A171003AFB75 /* Release */,
			);
			defaultConfigurationIsVisible = 0;
			defaultConfigurationName = Release;
		};
/* End XCConfigurationList section */
	};
	rootObject = AE9430CB1E52A171003AFB75 /* Project object */;
}
